PODS:
  - Alamofire (4.4.0)
  - Crashlytics (3.8.4):
    - Fabric (~> 1.6.3)
  - Fabric (1.6.11)
  - IGListKit (3.0.0):
    - IGListKit/Default (= 3.0.0)
  - IGListKit/Default (3.0.0):
    - IGListKit/Diffing
  - IGListKit/Diffing (3.0.0)
  - ProductivitySuite (0.1.0):
    - Alamofire (~> 4.4.0)
  - SwiftLint (0.19.0)

DEPENDENCIES:
  - Alamofire (~> 4.4.0)
  - Crashlytics
  - IGListKit
  - ProductivitySuite (from `../`)
  - SwiftLint

EXTERNAL SOURCES:
  ProductivitySuite:
    :path: "../"

SPEC CHECKSUMS:
  Alamofire: dc44b1600b800eb63da6a19039a0083d62a6a62d
  Crashlytics: 79e236942ca1e7fc641df1feb9a275360a78ab6a
  Fabric: 5911403591946b8228ab1c51d98f1d7137e863c6
  IGListKit: 9eab6856a15fa25ad72018ff9d9eb2178c240fff
  ProductivitySuite: f53859b4c5cc1352bad273e2f524b8fb08886002
  SwiftLint: 3537a05b34060e78e7510f04fb7537d738247803

PODFILE CHECKSUM: ddca416d7173586ae475b5ebe1dfca7687a0f388

COCOAPODS: 1.2.1
